// !$*UTF8*$!
{
	archiveVersion = 1;
	classes = {
	};
	objectVersion = 50;
	objects = {

/* Begin PBXBuildFile section */
		BE06338B21A906420002A5D3 /* RestaurantFilterType.swift in Sources */ = {isa = PBXBuildFile; fileRef = BE06338A21A906420002A5D3 /* RestaurantFilterType.swift */; };
		BE06338E21A9659A0002A5D3 /* MockRestaurantViewModel.swift in Sources */ = {isa = PBXBuildFile; fileRef = BE06338D21A9659A0002A5D3 /* MockRestaurantViewModel.swift */; };
		BE21CCE32195F770005BF200 /* UIStoryboard+Extensions.swift in Sources */ = {isa = PBXBuildFile; fileRef = BE21CCE22195F770005BF200 /* UIStoryboard+Extensions.swift */; };
		BE21CCE62195F8AC005BF200 /* RestaurantTableViewController.swift in Sources */ = {isa = PBXBuildFile; fileRef = BE21CCE52195F8AC005BF200 /* RestaurantTableViewController.swift */; };
		BE2D6ECA21956AD700ADECB7 /* sample iOS.json in Resources */ = {isa = PBXBuildFile; fileRef = BE2D6EC921956AD700ADECB7 /* sample iOS.json */; };
		BE2D6ECD219577A300ADECB7 /* AppDependency.swift in Sources */ = {isa = PBXBuildFile; fileRef = BE2D6ECC219577A300ADECB7 /* AppDependency.swift */; };
		BE2D6ECF21958ED000ADECB7 /* Restaurant.storyboard in Resources */ = {isa = PBXBuildFile; fileRef = BE2D6ECE21958ED000ADECB7 /* Restaurant.storyboard */; };
		BE2D6ED12195AC4700ADECB7 /* AppRouter.swift in Sources */ = {isa = PBXBuildFile; fileRef = BE2D6ED02195AC4700ADECB7 /* AppRouter.swift */; };
		BE2E2EEC2198923900EF79F7 /* CoreDataPersistence.swift in Sources */ = {isa = PBXBuildFile; fileRef = BE2E2EE92198923800EF79F7 /* CoreDataPersistence.swift */; };
		BE2E2EED2198923900EF79F7 /* Restaurant.xcdatamodeld in Sources */ = {isa = PBXBuildFile; fileRef = BE2E2EEA2198923900EF79F7 /* Restaurant.xcdatamodeld */; };
		BE2E2EF82198929400EF79F7 /* CoreDataFavouriteRestaurantDataStore.swift in Sources */ = {isa = PBXBuildFile; fileRef = BE2E2EF72198929400EF79F7 /* CoreDataFavouriteRestaurantDataStore.swift */; };
		BE2E2EFA219892B300EF79F7 /* FavouriteRestaurantDataStore.swift in Sources */ = {isa = PBXBuildFile; fileRef = BE2E2EF9219892B300EF79F7 /* FavouriteRestaurantDataStore.swift */; };
		BE74E19C2199AC1B00D2F7D1 /* RestaurantViewModelNewestTests.swift in Sources */ = {isa = PBXBuildFile; fileRef = BE74E19B2199AC1B00D2F7D1 /* RestaurantViewModelNewestTests.swift */; };
		BE74E19E2199AF5800D2F7D1 /* RestaurantViewModelRaitingAverageTests.swift in Sources */ = {isa = PBXBuildFile; fileRef = BE74E19D2199AF5800D2F7D1 /* RestaurantViewModelRaitingAverageTests.swift */; };
		BE74E1A02199B0BC00D2F7D1 /* RestaurantViewModelDistanceTests.swift in Sources */ = {isa = PBXBuildFile; fileRef = BE74E19F2199B0BC00D2F7D1 /* RestaurantViewModelDistanceTests.swift */; };
		BE74E1A22199B21300D2F7D1 /* RestaurantViewModelPopularityTests.swift in Sources */ = {isa = PBXBuildFile; fileRef = BE74E1A12199B21300D2F7D1 /* RestaurantViewModelPopularityTests.swift */; };
		BE74E1A42199B2C000D2F7D1 /* RestaurantViewModelAverageProductPriceTests.swift in Sources */ = {isa = PBXBuildFile; fileRef = BE74E1A32199B2C000D2F7D1 /* RestaurantViewModelAverageProductPriceTests.swift */; };
		BE74E1A62199B3D200D2F7D1 /* RestaurantViewModelDeliveryCostsTests.swift in Sources */ = {isa = PBXBuildFile; fileRef = BE74E1A52199B3D200D2F7D1 /* RestaurantViewModelDeliveryCostsTests.swift */; };
		BE74E1A82199B51900D2F7D1 /* RestaurantViewModelMinCostTests.swift in Sources */ = {isa = PBXBuildFile; fileRef = BE74E1A72199B51900D2F7D1 /* RestaurantViewModelMinCostTests.swift */; };
		BEA872A4219958EC002F7707 /* MessageWireframe.swift in Sources */ = {isa = PBXBuildFile; fileRef = BEA872A3219958EC002F7707 /* MessageWireframe.swift */; };
		BEA872A7219959F1002F7707 /* AlertMessageWireframe.swift in Sources */ = {isa = PBXBuildFile; fileRef = BEA872A6219959F1002F7707 /* AlertMessageWireframe.swift */; };
		BEA872B021997D7E002F7707 /* Sample3.json in Resources */ = {isa = PBXBuildFile; fileRef = BEA872AC21997D7E002F7707 /* Sample3.json */; };
		BEA872B121997D7E002F7707 /* Sample1.json in Resources */ = {isa = PBXBuildFile; fileRef = BEA872AD21997D7E002F7707 /* Sample1.json */; };
		BEA872B221997D7E002F7707 /* Sample2.json in Resources */ = {isa = PBXBuildFile; fileRef = BEA872AE21997D7E002F7707 /* Sample2.json */; };
		BEA872B321997D7E002F7707 /* Sample4.json in Resources */ = {isa = PBXBuildFile; fileRef = BEA872AF21997D7E002F7707 /* Sample4.json */; };
		BEA872B821997FDA002F7707 /* RestaurantViewModelBestMatchTests.swift in Sources */ = {isa = PBXBuildFile; fileRef = BEA872B721997FDA002F7707 /* RestaurantViewModelBestMatchTests.swift */; };
		BEA872BA21998C49002F7707 /* StubFavouriteRestaurantDataStore.swift in Sources */ = {isa = PBXBuildFile; fileRef = BEA872B921998C49002F7707 /* StubFavouriteRestaurantDataStore.swift */; };
		BEA872BC21998D00002F7707 /* StubMessageWireframe.swift in Sources */ = {isa = PBXBuildFile; fileRef = BEA872BB21998D00002F7707 /* StubMessageWireframe.swift */; };
		BEA872BE21999457002F7707 /* StubRestaurantDataStore.swift in Sources */ = {isa = PBXBuildFile; fileRef = BEA872BD21999457002F7707 /* StubRestaurantDataStore.swift */; };
		BEC039E3219946B100B37663 /* RestaurantMO+CoreDataClass.swift in Sources */ = {isa = PBXBuildFile; fileRef = BEC039E1219946B100B37663 /* RestaurantMO+CoreDataClass.swift */; };
		BEC039E4219946B100B37663 /* RestaurantMO+CoreDataProperties.swift in Sources */ = {isa = PBXBuildFile; fileRef = BEC039E2219946B100B37663 /* RestaurantMO+CoreDataProperties.swift */; };
		BECF10A521946D9A008310C4 /* AppDelegate.swift in Sources */ = {isa = PBXBuildFile; fileRef = BECF10A421946D9A008310C4 /* AppDelegate.swift */; };
		BECF10AC21946D9B008310C4 /* Assets.xcassets in Resources */ = {isa = PBXBuildFile; fileRef = BECF10AB21946D9B008310C4 /* Assets.xcassets */; };
		BECF10AF21946D9B008310C4 /* LaunchScreen.storyboard in Resources */ = {isa = PBXBuildFile; fileRef = BECF10AD21946D9B008310C4 /* LaunchScreen.storyboard */; };
		BEE05DA12196A8FD002D2BC4 /* RestaurantViewModel.swift in Sources */ = {isa = PBXBuildFile; fileRef = BEE05DA02196A8FD002D2BC4 /* RestaurantViewModel.swift */; };
		BEE05DA42196AA19002D2BC4 /* RestaurantDataStore.swift in Sources */ = {isa = PBXBuildFile; fileRef = BEE05DA32196AA19002D2BC4 /* RestaurantDataStore.swift */; };
		BEE05DA62196AB33002D2BC4 /* JSONRestaurantDataStore.swift in Sources */ = {isa = PBXBuildFile; fileRef = BEE05DA52196AB33002D2BC4 /* JSONRestaurantDataStore.swift */; };
		BEE05DA92196B196002D2BC4 /* JSONTranslation.swift in Sources */ = {isa = PBXBuildFile; fileRef = BEE05DA82196B196002D2BC4 /* JSONTranslation.swift */; };
		BEE05DAC2196B87C002D2BC4 /* RestaurantResponseModel.swift in Sources */ = {isa = PBXBuildFile; fileRef = BEE05DAB2196B87C002D2BC4 /* RestaurantResponseModel.swift */; };
		BEE05DAF2196B972002D2BC4 /* Restaurant.swift in Sources */ = {isa = PBXBuildFile; fileRef = BEE05DAE2196B972002D2BC4 /* Restaurant.swift */; };
		BEE05DB12196C281002D2BC4 /* DataResponseModel.swift in Sources */ = {isa = PBXBuildFile; fileRef = BEE05DB02196C281002D2BC4 /* DataResponseModel.swift */; };
		BEE05DB52196C322002D2BC4 /* DataResult.swift in Sources */ = {isa = PBXBuildFile; fileRef = BEE05DB42196C322002D2BC4 /* DataResult.swift */; };
		BEE05DB82196C770002D2BC4 /* RestaurantError.swift in Sources */ = {isa = PBXBuildFile; fileRef = BEE05DB72196C770002D2BC4 /* RestaurantError.swift */; };
		BEE05DBA2196E7CE002D2BC4 /* Detectable.swift in Sources */ = {isa = PBXBuildFile; fileRef = BEE05DB92196E7CE002D2BC4 /* Detectable.swift */; };
		BEE05DBC219701DD002D2BC4 /* AppStyle.swift in Sources */ = {isa = PBXBuildFile; fileRef = BEE05DBB219701DD002D2BC4 /* AppStyle.swift */; };
		BEE05DC021970E3F002D2BC4 /* RestaurantTableViewCell.swift in Sources */ = {isa = PBXBuildFile; fileRef = BEE05DBF21970E3F002D2BC4 /* RestaurantTableViewCell.swift */; };
		BEE05DC221970F41002D2BC4 /* ReuseIdentifying.swift in Sources */ = {isa = PBXBuildFile; fileRef = BEE05DC121970F41002D2BC4 /* ReuseIdentifying.swift */; };
		BEE05DC421970F80002D2BC4 /* TableViewCell+Extensions.swift in Sources */ = {isa = PBXBuildFile; fileRef = BEE05DC321970F80002D2BC4 /* TableViewCell+Extensions.swift */; };
		BEE05DC621971023002D2BC4 /* UITableView+Extensions.swift in Sources */ = {isa = PBXBuildFile; fileRef = BEE05DC521971023002D2BC4 /* UITableView+Extensions.swift */; };
		BEE05DC821973384002D2BC4 /* UIWindow+Extensions.swift in Sources */ = {isa = PBXBuildFile; fileRef = BEE05DC721973384002D2BC4 /* UIWindow+Extensions.swift */; };
		BEE05DCA21973EE3002D2BC4 /* RestaurantFilterController.swift in Sources */ = {isa = PBXBuildFile; fileRef = BEE05DC921973EE3002D2BC4 /* RestaurantFilterController.swift */; };
		BEE05DCC219747C5002D2BC4 /* Filter.storyboard in Resources */ = {isa = PBXBuildFile; fileRef = BEE05DCB219747C5002D2BC4 /* Filter.storyboard */; };
		BEE05DCF219819EE002D2BC4 /* SortType.swift in Sources */ = {isa = PBXBuildFile; fileRef = BEE05DCE219819EE002D2BC4 /* SortType.swift */; };
		BEE05DD121981E3F002D2BC4 /* RestaurantFilter.swift in Sources */ = {isa = PBXBuildFile; fileRef = BEE05DD021981E3F002D2BC4 /* RestaurantFilter.swift */; };
/* End PBXBuildFile section */

/* Begin PBXContainerItemProxy section */
		BECF10B621946D9B008310C4 /* PBXContainerItemProxy */ = {
			isa = PBXContainerItemProxy;
			containerPortal = BECF109921946D9A008310C4 /* Project object */;
			proxyType = 1;
			remoteGlobalIDString = BECF10A021946D9A008310C4;
			remoteInfo = SortRestaurant;
		};
/* End PBXContainerItemProxy section */

/* Begin PBXFileReference section */
		BE06338A21A906420002A5D3 /* RestaurantFilterType.swift */ = {isa = PBXFileReference; lastKnownFileType = sourcecode.swift; path = RestaurantFilterType.swift; sourceTree = "<group>"; };
		BE06338D21A9659A0002A5D3 /* MockRestaurantViewModel.swift */ = {isa = PBXFileReference; lastKnownFileType = sourcecode.swift; path = MockRestaurantViewModel.swift; sourceTree = "<group>"; };
		BE21CCE22195F770005BF200 /* UIStoryboard+Extensions.swift */ = {isa = PBXFileReference; lastKnownFileType = sourcecode.swift; path = "UIStoryboard+Extensions.swift"; sourceTree = "<group>"; };
		BE21CCE52195F8AC005BF200 /* RestaurantTableViewController.swift */ = {isa = PBXFileReference; lastKnownFileType = sourcecode.swift; path = RestaurantTableViewController.swift; sourceTree = "<group>"; };
		BE2D6EC921956AD700ADECB7 /* sample iOS.json */ = {isa = PBXFileReference; fileEncoding = 4; lastKnownFileType = text.json; path = "sample iOS.json"; sourceTree = "<group>"; };
		BE2D6ECC219577A300ADECB7 /* AppDependency.swift */ = {isa = PBXFileReference; lastKnownFileType = sourcecode.swift; path = AppDependency.swift; sourceTree = "<group>"; };
		BE2D6ECE21958ED000ADECB7 /* Restaurant.storyboard */ = {isa = PBXFileReference; lastKnownFileType = file.storyboard; path = Restaurant.storyboard; sourceTree = "<group>"; };
		BE2D6ED02195AC4700ADECB7 /* AppRouter.swift */ = {isa = PBXFileReference; lastKnownFileType = sourcecode.swift; path = AppRouter.swift; sourceTree = "<group>"; };
		BE2E2EE92198923800EF79F7 /* CoreDataPersistence.swift */ = {isa = PBXFileReference; fileEncoding = 4; lastKnownFileType = sourcecode.swift; path = CoreDataPersistence.swift; sourceTree = "<group>"; };
		BE2E2EEB2198923900EF79F7 /* Model.xcdatamodel */ = {isa = PBXFileReference; lastKnownFileType = wrapper.xcdatamodel; path = Model.xcdatamodel; sourceTree = "<group>"; };
		BE2E2EF72198929400EF79F7 /* CoreDataFavouriteRestaurantDataStore.swift */ = {isa = PBXFileReference; fileEncoding = 4; lastKnownFileType = sourcecode.swift; path = CoreDataFavouriteRestaurantDataStore.swift; sourceTree = "<group>"; };
		BE2E2EF9219892B300EF79F7 /* FavouriteRestaurantDataStore.swift */ = {isa = PBXFileReference; fileEncoding = 4; lastKnownFileType = sourcecode.swift; path = FavouriteRestaurantDataStore.swift; sourceTree = "<group>"; };
		BE74E19B2199AC1B00D2F7D1 /* RestaurantViewModelNewestTests.swift */ = {isa = PBXFileReference; lastKnownFileType = sourcecode.swift; path = RestaurantViewModelNewestTests.swift; sourceTree = "<group>"; };
		BE74E19D2199AF5800D2F7D1 /* RestaurantViewModelRaitingAverageTests.swift */ = {isa = PBXFileReference; lastKnownFileType = sourcecode.swift; path = RestaurantViewModelRaitingAverageTests.swift; sourceTree = "<group>"; };
		BE74E19F2199B0BC00D2F7D1 /* RestaurantViewModelDistanceTests.swift */ = {isa = PBXFileReference; lastKnownFileType = sourcecode.swift; path = RestaurantViewModelDistanceTests.swift; sourceTree = "<group>"; };
		BE74E1A12199B21300D2F7D1 /* RestaurantViewModelPopularityTests.swift */ = {isa = PBXFileReference; lastKnownFileType = sourcecode.swift; path = RestaurantViewModelPopularityTests.swift; sourceTree = "<group>"; };
		BE74E1A32199B2C000D2F7D1 /* RestaurantViewModelAverageProductPriceTests.swift */ = {isa = PBXFileReference; lastKnownFileType = sourcecode.swift; path = RestaurantViewModelAverageProductPriceTests.swift; sourceTree = "<group>"; };
		BE74E1A52199B3D200D2F7D1 /* RestaurantViewModelDeliveryCostsTests.swift */ = {isa = PBXFileReference; lastKnownFileType = sourcecode.swift; path = RestaurantViewModelDeliveryCostsTests.swift; sourceTree = "<group>"; };
		BE74E1A72199B51900D2F7D1 /* RestaurantViewModelMinCostTests.swift */ = {isa = PBXFileReference; lastKnownFileType = sourcecode.swift; path = RestaurantViewModelMinCostTests.swift; sourceTree = "<group>"; };
		BEA872A3219958EC002F7707 /* MessageWireframe.swift */ = {isa = PBXFileReference; lastKnownFileType = sourcecode.swift; path = MessageWireframe.swift; sourceTree = "<group>"; };
		BEA872A6219959F1002F7707 /* AlertMessageWireframe.swift */ = {isa = PBXFileReference; lastKnownFileType = sourcecode.swift; path = AlertMessageWireframe.swift; sourceTree = "<group>"; };
		BEA872AC21997D7E002F7707 /* Sample3.json */ = {isa = PBXFileReference; fileEncoding = 4; lastKnownFileType = text.json; path = Sample3.json; sourceTree = "<group>"; };
		BEA872AD21997D7E002F7707 /* Sample1.json */ = {isa = PBXFileReference; fileEncoding = 4; lastKnownFileType = text.json; path = Sample1.json; sourceTree = "<group>"; };
		BEA872AE21997D7E002F7707 /* Sample2.json */ = {isa = PBXFileReference; fileEncoding = 4; lastKnownFileType = text.json; path = Sample2.json; sourceTree = "<group>"; };
		BEA872AF21997D7E002F7707 /* Sample4.json */ = {isa = PBXFileReference; fileEncoding = 4; lastKnownFileType = text.json; path = Sample4.json; sourceTree = "<group>"; };
		BEA872B721997FDA002F7707 /* RestaurantViewModelBestMatchTests.swift */ = {isa = PBXFileReference; lastKnownFileType = sourcecode.swift; path = RestaurantViewModelBestMatchTests.swift; sourceTree = "<group>"; };
		BEA872B921998C49002F7707 /* StubFavouriteRestaurantDataStore.swift */ = {isa = PBXFileReference; lastKnownFileType = sourcecode.swift; path = StubFavouriteRestaurantDataStore.swift; sourceTree = "<group>"; };
		BEA872BB21998D00002F7707 /* StubMessageWireframe.swift */ = {isa = PBXFileReference; lastKnownFileType = sourcecode.swift; path = StubMessageWireframe.swift; sourceTree = "<group>"; };
		BEA872BD21999457002F7707 /* StubRestaurantDataStore.swift */ = {isa = PBXFileReference; lastKnownFileType = sourcecode.swift; path = StubRestaurantDataStore.swift; sourceTree = "<group>"; };
		BEC039E1219946B100B37663 /* RestaurantMO+CoreDataClass.swift */ = {isa = PBXFileReference; lastKnownFileType = sourcecode.swift; path = "RestaurantMO+CoreDataClass.swift"; sourceTree = "<group>"; };
		BEC039E2219946B100B37663 /* RestaurantMO+CoreDataProperties.swift */ = {isa = PBXFileReference; lastKnownFileType = sourcecode.swift; path = "RestaurantMO+CoreDataProperties.swift"; sourceTree = "<group>"; };
		BECF10A121946D9A008310C4 /* SortRestaurant.app */ = {isa = PBXFileReference; explicitFileType = wrapper.application; includeInIndex = 0; path = SortRestaurant.app; sourceTree = BUILT_PRODUCTS_DIR; };
		BECF10A421946D9A008310C4 /* AppDelegate.swift */ = {isa = PBXFileReference; lastKnownFileType = sourcecode.swift; path = AppDelegate.swift; sourceTree = "<group>"; };
		BECF10AB21946D9B008310C4 /* Assets.xcassets */ = {isa = PBXFileReference; lastKnownFileType = folder.assetcatalog; path = Assets.xcassets; sourceTree = "<group>"; };
		BECF10AE21946D9B008310C4 /* Base */ = {isa = PBXFileReference; lastKnownFileType = file.storyboard; name = Base; path = Base.lproj/LaunchScreen.storyboard; sourceTree = "<group>"; };
		BECF10B021946D9B008310C4 /* Info.plist */ = {isa = PBXFileReference; lastKnownFileType = text.plist.xml; path = Info.plist; sourceTree = "<group>"; };
		BECF10B521946D9B008310C4 /* SortRestaurantTests.xctest */ = {isa = PBXFileReference; explicitFileType = wrapper.cfbundle; includeInIndex = 0; path = SortRestaurantTests.xctest; sourceTree = BUILT_PRODUCTS_DIR; };
		BECF10BB21946D9B008310C4 /* Info.plist */ = {isa = PBXFileReference; lastKnownFileType = text.plist.xml; path = Info.plist; sourceTree = "<group>"; };
		BEE05DA02196A8FD002D2BC4 /* RestaurantViewModel.swift */ = {isa = PBXFileReference; lastKnownFileType = sourcecode.swift; path = RestaurantViewModel.swift; sourceTree = "<group>"; };
		BEE05DA32196AA19002D2BC4 /* RestaurantDataStore.swift */ = {isa = PBXFileReference; lastKnownFileType = sourcecode.swift; path = RestaurantDataStore.swift; sourceTree = "<group>"; };
		BEE05DA52196AB33002D2BC4 /* JSONRestaurantDataStore.swift */ = {isa = PBXFileReference; lastKnownFileType = sourcecode.swift; path = JSONRestaurantDataStore.swift; sourceTree = "<group>"; };
		BEE05DA82196B196002D2BC4 /* JSONTranslation.swift */ = {isa = PBXFileReference; lastKnownFileType = sourcecode.swift; path = JSONTranslation.swift; sourceTree = "<group>"; };
		BEE05DAB2196B87C002D2BC4 /* RestaurantResponseModel.swift */ = {isa = PBXFileReference; lastKnownFileType = sourcecode.swift; path = RestaurantResponseModel.swift; sourceTree = "<group>"; };
		BEE05DAE2196B972002D2BC4 /* Restaurant.swift */ = {isa = PBXFileReference; lastKnownFileType = sourcecode.swift; path = Restaurant.swift; sourceTree = "<group>"; };
		BEE05DB02196C281002D2BC4 /* DataResponseModel.swift */ = {isa = PBXFileReference; lastKnownFileType = sourcecode.swift; path = DataResponseModel.swift; sourceTree = "<group>"; };
		BEE05DB42196C322002D2BC4 /* DataResult.swift */ = {isa = PBXFileReference; lastKnownFileType = sourcecode.swift; path = DataResult.swift; sourceTree = "<group>"; };
		BEE05DB72196C770002D2BC4 /* RestaurantError.swift */ = {isa = PBXFileReference; lastKnownFileType = sourcecode.swift; path = RestaurantError.swift; sourceTree = "<group>"; };
		BEE05DB92196E7CE002D2BC4 /* Detectable.swift */ = {isa = PBXFileReference; lastKnownFileType = sourcecode.swift; path = Detectable.swift; sourceTree = "<group>"; };
		BEE05DBB219701DD002D2BC4 /* AppStyle.swift */ = {isa = PBXFileReference; lastKnownFileType = sourcecode.swift; path = AppStyle.swift; sourceTree = "<group>"; };
		BEE05DBF21970E3F002D2BC4 /* RestaurantTableViewCell.swift */ = {isa = PBXFileReference; lastKnownFileType = sourcecode.swift; path = RestaurantTableViewCell.swift; sourceTree = "<group>"; };
		BEE05DC121970F41002D2BC4 /* ReuseIdentifying.swift */ = {isa = PBXFileReference; lastKnownFileType = sourcecode.swift; path = ReuseIdentifying.swift; sourceTree = "<group>"; };
		BEE05DC321970F80002D2BC4 /* TableViewCell+Extensions.swift */ = {isa = PBXFileReference; lastKnownFileType = sourcecode.swift; path = "TableViewCell+Extensions.swift"; sourceTree = "<group>"; };
		BEE05DC521971023002D2BC4 /* UITableView+Extensions.swift */ = {isa = PBXFileReference; lastKnownFileType = sourcecode.swift; path = "UITableView+Extensions.swift"; sourceTree = "<group>"; };
		BEE05DC721973384002D2BC4 /* UIWindow+Extensions.swift */ = {isa = PBXFileReference; lastKnownFileType = sourcecode.swift; path = "UIWindow+Extensions.swift"; sourceTree = "<group>"; };
		BEE05DC921973EE3002D2BC4 /* RestaurantFilterController.swift */ = {isa = PBXFileReference; lastKnownFileType = sourcecode.swift; path = RestaurantFilterController.swift; sourceTree = "<group>"; };
		BEE05DCB219747C5002D2BC4 /* Filter.storyboard */ = {isa = PBXFileReference; lastKnownFileType = file.storyboard; path = Filter.storyboard; sourceTree = "<group>"; };
		BEE05DCE219819EE002D2BC4 /* SortType.swift */ = {isa = PBXFileReference; lastKnownFileType = sourcecode.swift; path = SortType.swift; sourceTree = "<group>"; };
		BEE05DD021981E3F002D2BC4 /* RestaurantFilter.swift */ = {isa = PBXFileReference; lastKnownFileType = sourcecode.swift; path = RestaurantFilter.swift; sourceTree = "<group>"; };
/* End PBXFileReference section */

/* Begin PBXFrameworksBuildPhase section */
		BECF109E21946D9A008310C4 /* Frameworks */ = {
			isa = PBXFrameworksBuildPhase;
			buildActionMask = 2147483647;
			files = (
			);
			runOnlyForDeploymentPostprocessing = 0;
		};
		BECF10B221946D9B008310C4 /* Frameworks */ = {
			isa = PBXFrameworksBuildPhase;
			buildActionMask = 2147483647;
			files = (
			);
			runOnlyForDeploymentPostprocessing = 0;
		};
/* End PBXFrameworksBuildPhase section */

/* Begin PBXGroup section */
		BE06338C21A9657F0002A5D3 /* MockObjects */ = {
			isa = PBXGroup;
			children = (
				BE06338D21A9659A0002A5D3 /* MockRestaurantViewModel.swift */,
			);
			path = MockObjects;
			sourceTree = "<group>";
		};
		BE06339121AA7D970002A5D3 /* BusinessLogic  */ = {
			isa = PBXGroup;
			children = (
				BEE05DD021981E3F002D2BC4 /* RestaurantFilter.swift */,
				BE06338A21A906420002A5D3 /* RestaurantFilterType.swift */,
			);
			path = "BusinessLogic ";
			sourceTree = "<group>";
		};
		BE21CCE42195F846005BF200 /* Restaurant */ = {
			isa = PBXGroup;
			children = (
				BE21CCE52195F8AC005BF200 /* RestaurantTableViewController.swift */,
				BEE05DA02196A8FD002D2BC4 /* RestaurantViewModel.swift */,
			);
			path = Restaurant;
			sourceTree = "<group>";
		};
		BE2D6ECB21956BE800ADECB7 /* Persistence */ = {
			isa = PBXGroup;
			children = (
				BE2E2EE8219891BF00EF79F7 /* CoreDataPersistence */,
			);
			path = Persistence;
			sourceTree = "<group>";
		};
		BE2E2EE8219891BF00EF79F7 /* CoreDataPersistence */ = {
			isa = PBXGroup;
			children = (
				BE2E2EEE2198924800EF79F7 /* ManagedObjects */,
				BE2E2EE92198923800EF79F7 /* CoreDataPersistence.swift */,
				BE2E2EEA2198923900EF79F7 /* Restaurant.xcdatamodeld */,
			);
			path = CoreDataPersistence;
			sourceTree = "<group>";
		};
		BE2E2EEE2198924800EF79F7 /* ManagedObjects */ = {
			isa = PBXGroup;
			children = (
				BEC039E1219946B100B37663 /* RestaurantMO+CoreDataClass.swift */,
				BEC039E2219946B100B37663 /* RestaurantMO+CoreDataProperties.swift */,
			);
			path = ManagedObjects;
			sourceTree = "<group>";
		};
		BEA872A5219959D5002F7707 /* Alerts */ = {
			isa = PBXGroup;
			children = (
				BEA872A6219959F1002F7707 /* AlertMessageWireframe.swift */,
			);
			path = Alerts;
			sourceTree = "<group>";
		};
		BEA872A821997A3C002F7707 /* Stubs */ = {
			isa = PBXGroup;
			children = (
				BEA872B921998C49002F7707 /* StubFavouriteRestaurantDataStore.swift */,
				BEA872BB21998D00002F7707 /* StubMessageWireframe.swift */,
				BEA872BD21999457002F7707 /* StubRestaurantDataStore.swift */,
			);
			path = Stubs;
			sourceTree = "<group>";
		};
		BEA872A921997A46002F7707 /* ViewModels */ = {
			isa = PBXGroup;
			children = (
				BEA872B421997F44002F7707 /* RestaurantViewModelBestMatchTests */,
			);
			path = ViewModels;
			sourceTree = "<group>";
		};
		BEA872AA21997AAF002F7707 /* JSONs */ = {
			isa = PBXGroup;
			children = (
				BEA872AB21997D68002F7707 /* BestMatches */,
			);
			path = JSONs;
			sourceTree = "<group>";
		};
		BEA872AB21997D68002F7707 /* BestMatches */ = {
			isa = PBXGroup;
			children = (
				BEA872AD21997D7E002F7707 /* Sample1.json */,
				BEA872AE21997D7E002F7707 /* Sample2.json */,
				BEA872AC21997D7E002F7707 /* Sample3.json */,
				BEA872AF21997D7E002F7707 /* Sample4.json */,
			);
			path = BestMatches;
			sourceTree = "<group>";
		};
		BEA872B421997F44002F7707 /* RestaurantViewModelBestMatchTests */ = {
			isa = PBXGroup;
			children = (
				BEA872B721997FDA002F7707 /* RestaurantViewModelBestMatchTests.swift */,
				BE74E19B2199AC1B00D2F7D1 /* RestaurantViewModelNewestTests.swift */,
				BE74E19D2199AF5800D2F7D1 /* RestaurantViewModelRaitingAverageTests.swift */,
				BE74E19F2199B0BC00D2F7D1 /* RestaurantViewModelDistanceTests.swift */,
				BE74E1A12199B21300D2F7D1 /* RestaurantViewModelPopularityTests.swift */,
				BE74E1A32199B2C000D2F7D1 /* RestaurantViewModelAverageProductPriceTests.swift */,
				BE74E1A52199B3D200D2F7D1 /* RestaurantViewModelDeliveryCostsTests.swift */,
				BE74E1A72199B51900D2F7D1 /* RestaurantViewModelMinCostTests.swift */,
			);
			path = RestaurantViewModelBestMatchTests;
			sourceTree = "<group>";
		};
		BECF109821946D9A008310C4 = {
			isa = PBXGroup;
			children = (
				BECF10A321946D9A008310C4 /* SortRestaurant */,
				BECF10B821946D9B008310C4 /* SortRestaurantTests */,
				BECF10A221946D9A008310C4 /* Products */,
			);
			sourceTree = "<group>";
		};
		BECF10A221946D9A008310C4 /* Products */ = {
			isa = PBXGroup;
			children = (
				BECF10A121946D9A008310C4 /* SortRestaurant.app */,
				BECF10B521946D9B008310C4 /* SortRestaurantTests.xctest */,
			);
			name = Products;
			sourceTree = "<group>";
		};
		BECF10A321946D9A008310C4 /* SortRestaurant */ = {
			isa = PBXGroup;
			children = (
				BECF10C521946ECF008310C4 /* AppStartUp */,
				BECF10C621946F89008310C4 /* Core */,
				BECF10C421946E01008310C4 /* Resources */,
			);
			path = SortRestaurant;
			sourceTree = "<group>";
		};
		BECF10B821946D9B008310C4 /* SortRestaurantTests */ = {
			isa = PBXGroup;
			children = (
				BE06338C21A9657F0002A5D3 /* MockObjects */,
				BEA872AA21997AAF002F7707 /* JSONs */,
				BEA872A921997A46002F7707 /* ViewModels */,
				BEA872A821997A3C002F7707 /* Stubs */,
				BECF10BB21946D9B008310C4 /* Info.plist */,
			);
			path = SortRestaurantTests;
			sourceTree = "<group>";
		};
		BECF10C421946E01008310C4 /* Resources */ = {
			isa = PBXGroup;
			children = (
				BE2D6EC921956AD700ADECB7 /* sample iOS.json */,
				BECF10B021946D9B008310C4 /* Info.plist */,
				BECF10AB21946D9B008310C4 /* Assets.xcassets */,
			);
			path = Resources;
			sourceTree = "<group>";
		};
		BECF10C521946ECF008310C4 /* AppStartUp */ = {
			isa = PBXGroup;
			children = (
				BECF10A421946D9A008310C4 /* AppDelegate.swift */,
				BE2D6ECC219577A300ADECB7 /* AppDependency.swift */,
				BE2D6ED02195AC4700ADECB7 /* AppRouter.swift */,
				BEE05DBB219701DD002D2BC4 /* AppStyle.swift */,
			);
			path = AppStartUp;
			sourceTree = "<group>";
		};
		BECF10C621946F89008310C4 /* Core */ = {
			isa = PBXGroup;
			children = (
				BEE05DA22196A955002D2BC4 /* DataStores */,
				BECF10CC2194702E008310C4 /* Extensions */,
				BECF10CA21946FEB008310C4 /* Models */,
				BECF10C921946FE2008310C4 /* Modules */,
				BE2D6ECB21956BE800ADECB7 /* Persistence */,
				BECF10CB21946FF9008310C4 /* Protocols */,
				BECF10C721946FBE008310C4 /* UI */,
			);
			path = Core;
			sourceTree = "<group>";
		};
		BECF10C721946FBE008310C4 /* UI */ = {
			isa = PBXGroup;
			children = (
				BEE05DBD21970E0F002D2BC4 /* CustomUI */,
				BECF10C821946FC5008310C4 /* Storyboards */,
			);
			path = UI;
			sourceTree = "<group>";
		};
		BECF10C821946FC5008310C4 /* Storyboards */ = {
			isa = PBXGroup;
			children = (
				BECF10AD21946D9B008310C4 /* LaunchScreen.storyboard */,
				BE2D6ECE21958ED000ADECB7 /* Restaurant.storyboard */,
				BEE05DCB219747C5002D2BC4 /* Filter.storyboard */,
			);
			path = Storyboards;
			sourceTree = "<group>";
		};
		BECF10C921946FE2008310C4 /* Modules */ = {
			isa = PBXGroup;
			children = (
				BEE05DCD21974912002D2BC4 /* Filter */,
				BE21CCE42195F846005BF200 /* Restaurant */,
			);
			path = Modules;
			sourceTree = "<group>";
		};
		BECF10CA21946FEB008310C4 /* Models */ = {
			isa = PBXGroup;
			children = (
				BE06339121AA7D970002A5D3 /* BusinessLogic  */,
				BEE05DB62196C752002D2BC4 /* Errors */,
				BEE05DAD2196B8C0002D2BC4 /* DataTransferObjects */,
				BEE05DAA2196B82D002D2BC4 /* ResponseModels */,
				BEE05DA72196B0FC002D2BC4 /* Translation */,
			);
			path = Models;
			sourceTree = "<group>";
		};
		BECF10CB21946FF9008310C4 /* Protocols */ = {
			isa = PBXGroup;
			children = (
				BE2E2EF9219892B300EF79F7 /* FavouriteRestaurantDataStore.swift */,
				BEE05DA32196AA19002D2BC4 /* RestaurantDataStore.swift */,
				BEE05DC121970F41002D2BC4 /* ReuseIdentifying.swift */,
				BEA872A3219958EC002F7707 /* MessageWireframe.swift */,
			);
			path = Protocols;
			sourceTree = "<group>";
		};
		BECF10CC2194702E008310C4 /* Extensions */ = {
			isa = PBXGroup;
			children = (
				BE21CCE22195F770005BF200 /* UIStoryboard+Extensions.swift */,
				BEE05DC321970F80002D2BC4 /* TableViewCell+Extensions.swift */,
				BEE05DC521971023002D2BC4 /* UITableView+Extensions.swift */,
				BEE05DC721973384002D2BC4 /* UIWindow+Extensions.swift */,
			);
			path = Extensions;
			sourceTree = "<group>";
		};
		BEE05DA22196A955002D2BC4 /* DataStores */ = {
			isa = PBXGroup;
			children = (
				BEE05DA52196AB33002D2BC4 /* JSONRestaurantDataStore.swift */,
				BE2E2EF72198929400EF79F7 /* CoreDataFavouriteRestaurantDataStore.swift */,
			);
			path = DataStores;
			sourceTree = "<group>";
		};
		BEE05DA72196B0FC002D2BC4 /* Translation */ = {
			isa = PBXGroup;
			children = (
				BEE05DA82196B196002D2BC4 /* JSONTranslation.swift */,
			);
			path = Translation;
			sourceTree = "<group>";
		};
		BEE05DAA2196B82D002D2BC4 /* ResponseModels */ = {
			isa = PBXGroup;
			children = (
				BEE05DAB2196B87C002D2BC4 /* RestaurantResponseModel.swift */,
				BEE05DB02196C281002D2BC4 /* DataResponseModel.swift */,
			);
			path = ResponseModels;
			sourceTree = "<group>";
		};
		BEE05DAD2196B8C0002D2BC4 /* DataTransferObjects */ = {
			isa = PBXGroup;
			children = (
				BEE05DAE2196B972002D2BC4 /* Restaurant.swift */,
				BEE05DB42196C322002D2BC4 /* DataResult.swift */,
				BEE05DB92196E7CE002D2BC4 /* Detectable.swift */,
				BEE05DCE219819EE002D2BC4 /* SortType.swift */,
			);
			path = DataTransferObjects;
			sourceTree = "<group>";
		};
		BEE05DB62196C752002D2BC4 /* Errors */ = {
			isa = PBXGroup;
			children = (
				BEE05DB72196C770002D2BC4 /* RestaurantError.swift */,
			);
			path = Errors;
			sourceTree = "<group>";
		};
		BEE05DBD21970E0F002D2BC4 /* CustomUI */ = {
			isa = PBXGroup;
			children = (
				BEA872A5219959D5002F7707 /* Alerts */,
				BEE05DBE21970E23002D2BC4 /* Cells */,
			);
			path = CustomUI;
			sourceTree = "<group>";
		};
		BEE05DBE21970E23002D2BC4 /* Cells */ = {
			isa = PBXGroup;
			children = (
				BEE05DBF21970E3F002D2BC4 /* RestaurantTableViewCell.swift */,
			);
			path = Cells;
			sourceTree = "<group>";
		};
		BEE05DCD21974912002D2BC4 /* Filter */ = {
			isa = PBXGroup;
			children = (
				BEE05DC921973EE3002D2BC4 /* RestaurantFilterController.swift */,
			);
			path = Filter;
			sourceTree = "<group>";
		};
/* End PBXGroup section */

/* Begin PBXNativeTarget section */
		BECF10A021946D9A008310C4 /* SortRestaurant */ = {
			isa = PBXNativeTarget;
			buildConfigurationList = BECF10BE21946D9B008310C4 /* Build configuration list for PBXNativeTarget "SortRestaurant" */;
			buildPhases = (
				BECF109D21946D9A008310C4 /* Sources */,
				BECF109E21946D9A008310C4 /* Frameworks */,
				BECF109F21946D9A008310C4 /* Resources */,
			);
			buildRules = (
			);
			dependencies = (
			);
			name = SortRestaurant;
			productName = SortRestaurant;
			productReference = BECF10A121946D9A008310C4 /* SortRestaurant.app */;
			productType = "com.apple.product-type.application";
		};
		BECF10B421946D9B008310C4 /* SortRestaurantTests */ = {
			isa = PBXNativeTarget;
			buildConfigurationList = BECF10C121946D9B008310C4 /* Build configuration list for PBXNativeTarget "SortRestaurantTests" */;
			buildPhases = (
				BECF10B121946D9B008310C4 /* Sources */,
				BECF10B221946D9B008310C4 /* Frameworks */,
				BECF10B321946D9B008310C4 /* Resources */,
			);
			buildRules = (
			);
			dependencies = (
				BECF10B721946D9B008310C4 /* PBXTargetDependency */,
			);
			name = SortRestaurantTests;
			productName = SortRestaurantTests;
			productReference = BECF10B521946D9B008310C4 /* SortRestaurantTests.xctest */;
			productType = "com.apple.product-type.bundle.unit-test";
		};
/* End PBXNativeTarget section */

/* Begin PBXProject section */
		BECF109921946D9A008310C4 /* Project object */ = {
			isa = PBXProject;
			attributes = {
				LastSwiftUpdateCheck = 1010;
				LastUpgradeCheck = 1010;
				ORGANIZATIONNAME = "Haroon Ur Rasheed";
				TargetAttributes = {
					BECF10A021946D9A008310C4 = {
						CreatedOnToolsVersion = 10.1;
					};
					BECF10B421946D9B008310C4 = {
						CreatedOnToolsVersion = 10.1;
						TestTargetID = BECF10A021946D9A008310C4;
					};
				};
			};
			buildConfigurationList = BECF109C21946D9A008310C4 /* Build configuration list for PBXProject "SortRestaurant" */;
			compatibilityVersion = "Xcode 9.3";
			developmentRegion = en;
			hasScannedForEncodings = 0;
			knownRegions = (
				en,
				Base,
			);
			mainGroup = BECF109821946D9A008310C4;
			productRefGroup = BECF10A221946D9A008310C4 /* Products */;
			projectDirPath = "";
			projectRoot = "";
			targets = (
				BECF10A021946D9A008310C4 /* SortRestaurant */,
				BECF10B421946D9B008310C4 /* SortRestaurantTests */,
			);
		};
/* End PBXProject section */

/* Begin PBXResourcesBuildPhase section */
		BECF109F21946D9A008310C4 /* Resources */ = {
			isa = PBXResourcesBuildPhase;
			buildActionMask = 2147483647;
			files = (
				BE2D6ECA21956AD700ADECB7 /* sample iOS.json in Resources */,
				BECF10AF21946D9B008310C4 /* LaunchScreen.storyboard in Resources */,
				BEE05DCC219747C5002D2BC4 /* Filter.storyboard in Resources */,
				BECF10AC21946D9B008310C4 /* Assets.xcassets in Resources */,
				BE2D6ECF21958ED000ADECB7 /* Restaurant.storyboard in Resources */,
			);
			runOnlyForDeploymentPostprocessing = 0;
		};
		BECF10B321946D9B008310C4 /* Resources */ = {
			isa = PBXResourcesBuildPhase;
			buildActionMask = 2147483647;
			files = (
				BEA872B021997D7E002F7707 /* Sample3.json in Resources */,
				BEA872B121997D7E002F7707 /* Sample1.json in Resources */,
				BEA872B321997D7E002F7707 /* Sample4.json in Resources */,
				BEA872B221997D7E002F7707 /* Sample2.json in Resources */,
			);
			runOnlyForDeploymentPostprocessing = 0;
		};
/* End PBXResourcesBuildPhase section */

/* Begin PBXSourcesBuildPhase section */
		BECF109D21946D9A008310C4 /* Sources */ = {
			isa = PBXSourcesBuildPhase;
			buildActionMask = 2147483647;
			files = (
				BEE05DB12196C281002D2BC4 /* DataResponseModel.swift in Sources */,
				BEE05DC221970F41002D2BC4 /* ReuseIdentifying.swift in Sources */,
				BEE05DAF2196B972002D2BC4 /* Restaurant.swift in Sources */,
				BE2E2EEC2198923900EF79F7 /* CoreDataPersistence.swift in Sources */,
				BEC039E3219946B100B37663 /* RestaurantMO+CoreDataClass.swift in Sources */,
				BE2D6ED12195AC4700ADECB7 /* AppRouter.swift in Sources */,
				BEE05DA12196A8FD002D2BC4 /* RestaurantViewModel.swift in Sources */,
				BEE05DBA2196E7CE002D2BC4 /* Detectable.swift in Sources */,
				BEE05DA62196AB33002D2BC4 /* JSONRestaurantDataStore.swift in Sources */,
				BEA872A7219959F1002F7707 /* AlertMessageWireframe.swift in Sources */,
				BE2E2EFA219892B300EF79F7 /* FavouriteRestaurantDataStore.swift in Sources */,
				BEE05DAC2196B87C002D2BC4 /* RestaurantResponseModel.swift in Sources */,
				BEE05DA92196B196002D2BC4 /* JSONTranslation.swift in Sources */,
				BE21CCE32195F770005BF200 /* UIStoryboard+Extensions.swift in Sources */,
				BEE05DB52196C322002D2BC4 /* DataResult.swift in Sources */,
				BEE05DB82196C770002D2BC4 /* RestaurantError.swift in Sources */,
				BEE05DC821973384002D2BC4 /* UIWindow+Extensions.swift in Sources */,
				BE2E2EED2198923900EF79F7 /* Restaurant.xcdatamodeld in Sources */,
				BEE05DC421970F80002D2BC4 /* TableViewCell+Extensions.swift in Sources */,
				BEC039E4219946B100B37663 /* RestaurantMO+CoreDataProperties.swift in Sources */,
				BE21CCE62195F8AC005BF200 /* RestaurantTableViewController.swift in Sources */,
				BE2D6ECD219577A300ADECB7 /* AppDependency.swift in Sources */,
				BEE05DCA21973EE3002D2BC4 /* RestaurantFilterController.swift in Sources */,
				BE2E2EF82198929400EF79F7 /* CoreDataFavouriteRestaurantDataStore.swift in Sources */,
				BE06338B21A906420002A5D3 /* RestaurantFilterType.swift in Sources */,
				BEA872A4219958EC002F7707 /* MessageWireframe.swift in Sources */,
				BEE05DD121981E3F002D2BC4 /* RestaurantFilter.swift in Sources */,
				BEE05DC621971023002D2BC4 /* UITableView+Extensions.swift in Sources */,
				BEE05DBC219701DD002D2BC4 /* AppStyle.swift in Sources */,
				BEE05DC021970E3F002D2BC4 /* RestaurantTableViewCell.swift in Sources */,
				BEE05DA42196AA19002D2BC4 /* RestaurantDataStore.swift in Sources */,
				BECF10A521946D9A008310C4 /* AppDelegate.swift in Sources */,
				BEE05DCF219819EE002D2BC4 /* SortType.swift in Sources */,
			);
			runOnlyForDeploymentPostprocessing = 0;
		};
		BECF10B121946D9B008310C4 /* Sources */ = {
			isa = PBXSourcesBuildPhase;
			buildActionMask = 2147483647;
			files = (
				BE74E1A62199B3D200D2F7D1 /* RestaurantViewModelDeliveryCostsTests.swift in Sources */,
				BE74E1A42199B2C000D2F7D1 /* RestaurantViewModelAverageProductPriceTests.swift in Sources */,
				BE06338E21A9659A0002A5D3 /* MockRestaurantViewModel.swift in Sources */,
				BEA872BC21998D00002F7707 /* StubMessageWireframe.swift in Sources */,
				BEA872BA21998C49002F7707 /* StubFavouriteRestaurantDataStore.swift in Sources */,
				BEA872BE21999457002F7707 /* StubRestaurantDataStore.swift in Sources */,
				BE74E19C2199AC1B00D2F7D1 /* RestaurantViewModelNewestTests.swift in Sources */,
				BE74E1A22199B21300D2F7D1 /* RestaurantViewModelPopularityTests.swift in Sources */,
				BE74E1A82199B51900D2F7D1 /* RestaurantViewModelMinCostTests.swift in Sources */,
				BE74E19E2199AF5800D2F7D1 /* RestaurantViewModelRaitingAverageTests.swift in Sources */,
				BE74E1A02199B0BC00D2F7D1 /* RestaurantViewModelDistanceTests.swift in Sources */,
				BEA872B821997FDA002F7707 /* RestaurantViewModelBestMatchTests.swift in Sources */,
			);
			runOnlyForDeploymentPostprocessing = 0;
		};
/* End PBXSourcesBuildPhase section */

/* Begin PBXTargetDependency section */
		BECF10B721946D9B008310C4 /* PBXTargetDependency */ = {
			isa = PBXTargetDependency;
			target = BECF10A021946D9A008310C4 /* SortRestaurant */;
			targetProxy = BECF10B621946D9B008310C4 /* PBXContainerItemProxy */;
		};
/* End PBXTargetDependency section */

/* Begin PBXVariantGroup section */
		BECF10AD21946D9B008310C4 /* LaunchScreen.storyboard */ = {
			isa = PBXVariantGroup;
			children = (
				BECF10AE21946D9B008310C4 /* Base */,
			);
			name = LaunchScreen.storyboard;
			sourceTree = "<group>";
		};
/* End PBXVariantGroup section */

/* Begin XCBuildConfiguration section */
		BECF10BC21946D9B008310C4 /* Debug */ = {
			isa = XCBuildConfiguration;
			buildSettings = {
				ALWAYS_SEARCH_USER_PATHS = NO;
				CLANG_ANALYZER_NONNULL = YES;
				CLANG_ANALYZER_NUMBER_OBJECT_CONVERSION = YES_AGGRESSIVE;
				CLANG_CXX_LANGUAGE_STANDARD = "gnu++14";
				CLANG_CXX_LIBRARY = "libc++";
				CLANG_ENABLE_MODULES = YES;
				CLANG_ENABLE_OBJC_ARC = YES;
				CLANG_ENABLE_OBJC_WEAK = YES;
				CLANG_WARN_BLOCK_CAPTURE_AUTORELEASING = YES;
				CLANG_WARN_BOOL_CONVERSION = YES;
				CLANG_WARN_COMMA = YES;
				CLANG_WARN_CONSTANT_CONVERSION = YES;
				CLANG_WARN_DEPRECATED_OBJC_IMPLEMENTATIONS = YES;
				CLANG_WARN_DIRECT_OBJC_ISA_USAGE = YES_ERROR;
				CLANG_WARN_DOCUMENTATION_COMMENTS = YES;
				CLANG_WARN_EMPTY_BODY = YES;
				CLANG_WARN_ENUM_CONVERSION = YES;
				CLANG_WARN_INFINITE_RECURSION = YES;
				CLANG_WARN_INT_CONVERSION = YES;
				CLANG_WARN_NON_LITERAL_NULL_CONVERSION = YES;
				CLANG_WARN_OBJC_IMPLICIT_RETAIN_SELF = YES;
				CLANG_WARN_OBJC_LITERAL_CONVERSION = YES;
				CLANG_WARN_OBJC_ROOT_CLASS = YES_ERROR;
				CLANG_WARN_RANGE_LOOP_ANALYSIS = YES;
				CLANG_WARN_STRICT_PROTOTYPES = YES;
				CLANG_WARN_SUSPICIOUS_MOVE = YES;
				CLANG_WARN_UNGUARDED_AVAILABILITY = YES_AGGRESSIVE;
				CLANG_WARN_UNREACHABLE_CODE = YES;
				CLANG_WARN__DUPLICATE_METHOD_MATCH = YES;
				CODE_SIGN_IDENTITY = "iPhone Developer";
				COPY_PHASE_STRIP = NO;
				DEBUG_INFORMATION_FORMAT = dwarf;
				ENABLE_STRICT_OBJC_MSGSEND = YES;
				ENABLE_TESTABILITY = YES;
				GCC_C_LANGUAGE_STANDARD = gnu11;
				GCC_DYNAMIC_NO_PIC = NO;
				GCC_NO_COMMON_BLOCKS = YES;
				GCC_OPTIMIZATION_LEVEL = 0;
				GCC_PREPROCESSOR_DEFINITIONS = (
					"DEBUG=1",
					"$(inherited)",
				);
				GCC_WARN_64_TO_32_BIT_CONVERSION = YES;
				GCC_WARN_ABOUT_RETURN_TYPE = YES_ERROR;
				GCC_WARN_UNDECLARED_SELECTOR = YES;
				GCC_WARN_UNINITIALIZED_AUTOS = YES_AGGRESSIVE;
				GCC_WARN_UNUSED_FUNCTION = YES;
				GCC_WARN_UNUSED_VARIABLE = YES;
				IPHONEOS_DEPLOYMENT_TARGET = 12.1;
				MTL_ENABLE_DEBUG_INFO = INCLUDE_SOURCE;
				MTL_FAST_MATH = YES;
				ONLY_ACTIVE_ARCH = YES;
				SDKROOT = iphoneos;
				SWIFT_ACTIVE_COMPILATION_CONDITIONS = DEBUG;
				SWIFT_OPTIMIZATION_LEVEL = "-Onone";
			};
			name = Debug;
		};
		BECF10BD21946D9B008310C4 /* Release */ = {
			isa = XCBuildConfiguration;
			buildSettings = {
				ALWAYS_SEARCH_USER_PATHS = NO;
				CLANG_ANALYZER_NONNULL = YES;
				CLANG_ANALYZER_NUMBER_OBJECT_CONVERSION = YES_AGGRESSIVE;
				CLANG_CXX_LANGUAGE_STANDARD = "gnu++14";
				CLANG_CXX_LIBRARY = "libc++";
				CLANG_ENABLE_MODULES = YES;
				CLANG_ENABLE_OBJC_ARC = YES;
				CLANG_ENABLE_OBJC_WEAK = YES;
				CLANG_WARN_BLOCK_CAPTURE_AUTORELEASING = YES;
				CLANG_WARN_BOOL_CONVERSION = YES;
				CLANG_WARN_COMMA = YES;
				CLANG_WARN_CONSTANT_CONVERSION = YES;
				CLANG_WARN_DEPRECATED_OBJC_IMPLEMENTATIONS = YES;
				CLANG_WARN_DIRECT_OBJC_ISA_USAGE = YES_ERROR;
				CLANG_WARN_DOCUMENTATION_COMMENTS = YES;
				CLANG_WARN_EMPTY_BODY = YES;
				CLANG_WARN_ENUM_CONVERSION = YES;
				CLANG_WARN_INFINITE_RECURSION = YES;
				CLANG_WARN_INT_CONVERSION = YES;
				CLANG_WARN_NON_LITERAL_NULL_CONVERSION = YES;
				CLANG_WARN_OBJC_IMPLICIT_RETAIN_SELF = YES;
				CLANG_WARN_OBJC_LITERAL_CONVERSION = YES;
				CLANG_WARN_OBJC_ROOT_CLASS = YES_ERROR;
				CLANG_WARN_RANGE_LOOP_ANALYSIS = YES;
				CLANG_WARN_STRICT_PROTOTYPES = YES;
				CLANG_WARN_SUSPICIOUS_MOVE = YES;
				CLANG_WARN_UNGUARDED_AVAILABILITY = YES_AGGRESSIVE;
				CLANG_WARN_UNREACHABLE_CODE = YES;
				CLANG_WARN__DUPLICATE_METHOD_MATCH = YES;
				CODE_SIGN_IDENTITY = "iPhone Developer";
				COPY_PHASE_STRIP = NO;
				DEBUG_INFORMATION_FORMAT = "dwarf-with-dsym";
				ENABLE_NS_ASSERTIONS = NO;
				ENABLE_STRICT_OBJC_MSGSEND = YES;
				GCC_C_LANGUAGE_STANDARD = gnu11;
				GCC_NO_COMMON_BLOCKS = YES;
				GCC_WARN_64_TO_32_BIT_CONVERSION = YES;
				GCC_WARN_ABOUT_RETURN_TYPE = YES_ERROR;
				GCC_WARN_UNDECLARED_SELECTOR = YES;
				GCC_WARN_UNINITIALIZED_AUTOS = YES_AGGRESSIVE;
				GCC_WARN_UNUSED_FUNCTION = YES;
				GCC_WARN_UNUSED_VARIABLE = YES;
				IPHONEOS_DEPLOYMENT_TARGET = 12.1;
				MTL_ENABLE_DEBUG_INFO = NO;
				MTL_FAST_MATH = YES;
				SDKROOT = iphoneos;
				SWIFT_COMPILATION_MODE = wholemodule;
				SWIFT_OPTIMIZATION_LEVEL = "-O";
				VALIDATE_PRODUCT = YES;
			};
			name = Release;
		};
		BECF10BF21946D9B008310C4 /* Debug */ = {
			isa = XCBuildConfiguration;
			buildSettings = {
				ASSETCATALOG_COMPILER_APPICON_NAME = AppIcon;
				CODE_SIGN_STYLE = Manual;
				DEVELOPMENT_TEAM = "";
				INFOPLIST_FILE = SortRestaurant/Resources/Info.plist;
				LD_RUNPATH_SEARCH_PATHS = (
					"$(inherited)",
					"@executable_path/Frameworks",
				);
				PRODUCT_BUNDLE_IDENTIFIER = com.hr.SortRestaurant;
				PRODUCT_NAME = "$(TARGET_NAME)";
				PROVISIONING_PROFILE_SPECIFIER = "";
				SWIFT_VERSION = 4.2;
				TARGETED_DEVICE_FAMILY = 1;
			};
			name = Debug;
		};
		BECF10C021946D9B008310C4 /* Release */ = {
			isa = XCBuildConfiguration;
			buildSettings = {
				ASSETCATALOG_COMPILER_APPICON_NAME = AppIcon;
				CODE_SIGN_STYLE = Manual;
				DEVELOPMENT_TEAM = "";
				INFOPLIST_FILE = SortRestaurant/Resources/Info.plist;
				LD_RUNPATH_SEARCH_PATHS = (
					"$(inherited)",
					"@executable_path/Frameworks",
				);
				PRODUCT_BUNDLE_IDENTIFIER = com.hr.SortRestaurant;
				PRODUCT_NAME = "$(TARGET_NAME)";
				PROVISIONING_PROFILE_SPECIFIER = "";
				SWIFT_VERSION = 4.2;
				TARGETED_DEVICE_FAMILY = 1;
			};
			name = Release;
		};
		BECF10C221946D9B008310C4 /* Debug */ = {
			isa = XCBuildConfiguration;
			buildSettings = {
				ALWAYS_EMBED_SWIFT_STANDARD_LIBRARIES = YES;
				BUNDLE_LOADER = "$(TEST_HOST)";
				CODE_SIGN_STYLE = Automatic;
				INFOPLIST_FILE = SortRestaurantTests/Info.plist;
				LD_RUNPATH_SEARCH_PATHS = (
					"$(inherited)",
					"@executable_path/Frameworks",
					"@loader_path/Frameworks",
				);
				PRODUCT_BUNDLE_IDENTIFIER = com.hr.SortRestaurantTests;
				PRODUCT_NAME = "$(TARGET_NAME)";
				SWIFT_VERSION = 4.2;
				TARGETED_DEVICE_FAMILY = "1,2";
				TEST_HOST = "$(BUILT_PRODUCTS_DIR)/SortRestaurant.app/SortRestaurant";
			};
			name = Debug;
		};
		BECF10C321946D9B008310C4 /* Release */ = {
			isa = XCBuildConfiguration;
			buildSettings = {
				ALWAYS_EMBED_SWIFT_STANDARD_LIBRARIES = YES;
				BUNDLE_LOADER = "$(TEST_HOST)";
				CODE_SIGN_STYLE = Automatic;
				INFOPLIST_FILE = SortRestaurantTests/Info.plist;
				LD_RUNPATH_SEARCH_PATHS = (
					"$(inherited)",
					"@executable_path/Frameworks",
					"@loader_path/Frameworks",
				);
				PRODUCT_BUNDLE_IDENTIFIER = com.hr.SortRestaurantTests;
				PRODUCT_NAME = "$(TARGET_NAME)";
				SWIFT_VERSION = 4.2;
				TARGETED_DEVICE_FAMILY = "1,2";
				TEST_HOST = "$(BUILT_PRODUCTS_DIR)/SortRestaurant.app/SortRestaurant";
			};
			name = Release;
		};
/* End XCBuildConfiguration section */

/* Begin XCConfigurationList section */
		BECF109C21946D9A008310C4 /* Build configuration list for PBXProject "SortRestaurant" */ = {
			isa = XCConfigurationList;
			buildConfigurations = (
				BECF10BC21946D9B008310C4 /* Debug */,
				BECF10BD21946D9B008310C4 /* Release */,
			);
			defaultConfigurationIsVisible = 0;
			defaultConfigurationName = Release;
		};
		BECF10BE21946D9B008310C4 /* Build configuration list for PBXNativeTarget "SortRestaurant" */ = {
			isa = XCConfigurationList;
			buildConfigurations = (
				BECF10BF21946D9B008310C4 /* Debug */,
				BECF10C021946D9B008310C4 /* Release */,
			);
			defaultConfigurationIsVisible = 0;
			defaultConfigurationName = Release;
		};
		BECF10C121946D9B008310C4 /* Build configuration list for PBXNativeTarget "SortRestaurantTests" */ = {
			isa = XCConfigurationList;
			buildConfigurations = (
				BECF10C221946D9B008310C4 /* Debug */,
				BECF10C321946D9B008310C4 /* Release */,
			);
			defaultConfigurationIsVisible = 0;
			defaultConfigurationName = Release;
		};
/* End XCConfigurationList section */

/* Begin XCVersionGroup section */
		BE2E2EEA2198923900EF79F7 /* Restaurant.xcdatamodeld */ = {
			isa = XCVersionGroup;
			children = (
				BE2E2EEB2198923900EF79F7 /* Model.xcdatamodel */,
			);
			currentVersion = BE2E2EEB2198923900EF79F7 /* Model.xcdatamodel */;
			path = Restaurant.xcdatamodeld;
			sourceTree = "<group>";
			versionGroupType = wrapper.xcdatamodel;
		};
/* End XCVersionGroup section */
	};
	rootObject = BECF109921946D9A008310C4 /* Project object */;
}
